// !$*UTF8*$!
{
	archiveVersion = 1;
	classes = {
	};
	objectVersion = 50;
	objects = {

/* Begin PBXBuildFile section */
		B13B8BF7264CB53000FC74F9 /* SearchProtocols.swift in Sources */ = {isa = PBXBuildFile; fileRef = B13B8BF6264CB53000FC74F9 /* SearchProtocols.swift */; };
		B13B8C08264CC00E00FC74F9 /* SearchRouter.swift in Sources */ = {isa = PBXBuildFile; fileRef = B13B8C07264CC00E00FC74F9 /* SearchRouter.swift */; };
		B13B8C0C264CC08300FC74F9 /* SearchInteractor.swift in Sources */ = {isa = PBXBuildFile; fileRef = B13B8C0B264CC08300FC74F9 /* SearchInteractor.swift */; };
		B13B8C10264CC23000FC74F9 /* SearchPresenter.swift in Sources */ = {isa = PBXBuildFile; fileRef = B13B8C0F264CC23000FC74F9 /* SearchPresenter.swift */; };
		B13B8C14264CC4EB00FC74F9 /* SearchViewController.swift in Sources */ = {isa = PBXBuildFile; fileRef = B13B8C13264CC4EB00FC74F9 /* SearchViewController.swift */; };
		B13B8C1C264CCD8E00FC74F9 /* SearchView.swift in Sources */ = {isa = PBXBuildFile; fileRef = B13B8C1B264CCD8E00FC74F9 /* SearchView.swift */; };
		B13B8C22264CD59200FC74F9 /* SearchRemoteDataManager.swift in Sources */ = {isa = PBXBuildFile; fileRef = B13B8C21264CD59200FC74F9 /* SearchRemoteDataManager.swift */; };
		B13B8C28264CD5C200FC74F9 /* SearchLocalDataManager.swift in Sources */ = {isa = PBXBuildFile; fileRef = B13B8C27264CD5C200FC74F9 /* SearchLocalDataManager.swift */; };
		B13B8C2C264CE18500FC74F9 /* ResultModel.swift in Sources */ = {isa = PBXBuildFile; fileRef = B13B8C2B264CE18500FC74F9 /* ResultModel.swift */; };
		B13B8C32264CE1E500FC74F9 /* PagingModel.swift in Sources */ = {isa = PBXBuildFile; fileRef = B13B8C31264CE1E500FC74F9 /* PagingModel.swift */; };
		B13B8C3A264CE4A200FC74F9 /* ProductModel.swift in Sources */ = {isa = PBXBuildFile; fileRef = B13B8C39264CE4A200FC74F9 /* ProductModel.swift */; };
		B13B8C4D264CF5B800FC74F9 /* MockSearchRemoteDataManager.swift in Sources */ = {isa = PBXBuildFile; fileRef = B13B8C4C264CF5B800FC74F9 /* MockSearchRemoteDataManager.swift */; };
		B13B8C53264D010900FC74F9 /* MockSearchInteractor.swift in Sources */ = {isa = PBXBuildFile; fileRef = B13B8C52264D010900FC74F9 /* MockSearchInteractor.swift */; };
		B13B8C5D264D094B00FC74F9 /* SearchInteractorTest.swift in Sources */ = {isa = PBXBuildFile; fileRef = B13B8C5C264D094B00FC74F9 /* SearchInteractorTest.swift */; };
		B13B8C61264D0C1F00FC74F9 /* MockSearchPresenter.swift in Sources */ = {isa = PBXBuildFile; fileRef = B13B8C60264D0C1F00FC74F9 /* MockSearchPresenter.swift */; };
		B13B8C65264DBADA00FC74F9 /* SearchService.swift in Sources */ = {isa = PBXBuildFile; fileRef = B13B8C64264DBADA00FC74F9 /* SearchService.swift */; };
		B13B8C69264DBB2200FC74F9 /* NetworkConstants.swift in Sources */ = {isa = PBXBuildFile; fileRef = B13B8C68264DBB2200FC74F9 /* NetworkConstants.swift */; };
		B13B8C71264E020700FC74F9 /* SearchPresenterTest.swift in Sources */ = {isa = PBXBuildFile; fileRef = B13B8C70264E020700FC74F9 /* SearchPresenterTest.swift */; };
		B13B8C76264E02B700FC74F9 /* MockSearchView.swift in Sources */ = {isa = PBXBuildFile; fileRef = B13B8C75264E02B700FC74F9 /* MockSearchView.swift */; };
		B13B8C7C264E033500FC74F9 /* MockSearchRouter.swift in Sources */ = {isa = PBXBuildFile; fileRef = B13B8C7B264E033500FC74F9 /* MockSearchRouter.swift */; };
		B13B8C80264E0A0E00FC74F9 /* SearchViewTest.swift in Sources */ = {isa = PBXBuildFile; fileRef = B13B8C7F264E0A0E00FC74F9 /* SearchViewTest.swift */; };
		B1BBE48E264A569B00F43F5A /* AppDelegate.swift in Sources */ = {isa = PBXBuildFile; fileRef = B1BBE48D264A569B00F43F5A /* AppDelegate.swift */; };
		B1BBE497264A569D00F43F5A /* Assets.xcassets in Resources */ = {isa = PBXBuildFile; fileRef = B1BBE496264A569D00F43F5A /* Assets.xcassets */; };
		B1BBE49A264A569D00F43F5A /* LaunchScreen.storyboard in Resources */ = {isa = PBXBuildFile; fileRef = B1BBE498264A569D00F43F5A /* LaunchScreen.storyboard */; };
		B1BBE4B0264A569E00F43F5A /* MercadoLibreTestUITests.swift in Sources */ = {isa = PBXBuildFile; fileRef = B1BBE4AF264A569E00F43F5A /* MercadoLibreTestUITests.swift */; };
		B1BBE4C7264A586B00F43F5A /* JSFSNetwork.framework in Frameworks */ = {isa = PBXBuildFile; fileRef = B1BBE4C5264A586B00F43F5A /* JSFSNetwork.framework */; };
		B1BBE4C8264A586B00F43F5A /* JSFSNetwork.framework in Embed Frameworks */ = {isa = PBXBuildFile; fileRef = B1BBE4C5264A586B00F43F5A /* JSFSNetwork.framework */; settings = {ATTRIBUTES = (CodeSignOnCopy, RemoveHeadersOnCopy, ); }; };
		B1BBE4C9264A586B00F43F5A /* JSFSUIModule.framework in Frameworks */ = {isa = PBXBuildFile; fileRef = B1BBE4C6264A586B00F43F5A /* JSFSUIModule.framework */; };
		B1BBE4CA264A586B00F43F5A /* JSFSUIModule.framework in Embed Frameworks */ = {isa = PBXBuildFile; fileRef = B1BBE4C6264A586B00F43F5A /* JSFSUIModule.framework */; settings = {ATTRIBUTES = (CodeSignOnCopy, RemoveHeadersOnCopy, ); }; };
/* End PBXBuildFile section */

/* Begin PBXContainerItemProxy section */
		B1BBE4A1264A569E00F43F5A /* PBXContainerItemProxy */ = {
			isa = PBXContainerItemProxy;
			containerPortal = B1BBE482264A569B00F43F5A /* Project object */;
			proxyType = 1;
			remoteGlobalIDString = B1BBE489264A569B00F43F5A;
			remoteInfo = MercadoLibreTest;
		};
		B1BBE4AC264A569E00F43F5A /* PBXContainerItemProxy */ = {
			isa = PBXContainerItemProxy;
			containerPortal = B1BBE482264A569B00F43F5A /* Project object */;
			proxyType = 1;
			remoteGlobalIDString = B1BBE489264A569B00F43F5A;
			remoteInfo = MercadoLibreTest;
		};
/* End PBXContainerItemProxy section */

/* Begin PBXCopyFilesBuildPhase section */
		B1BBE4CB264A586B00F43F5A /* Embed Frameworks */ = {
			isa = PBXCopyFilesBuildPhase;
			buildActionMask = 2147483647;
			dstPath = "";
			dstSubfolderSpec = 10;
			files = (
				B1BBE4CA264A586B00F43F5A /* JSFSUIModule.framework in Embed Frameworks */,
				B1BBE4C8264A586B00F43F5A /* JSFSNetwork.framework in Embed Frameworks */,
			);
			name = "Embed Frameworks";
			runOnlyForDeploymentPostprocessing = 0;
		};
/* End PBXCopyFilesBuildPhase section */

/* Begin PBXFileReference section */
		B13B8BF6264CB53000FC74F9 /* SearchProtocols.swift */ = {isa = PBXFileReference; lastKnownFileType = sourcecode.swift; path = SearchProtocols.swift; sourceTree = "<group>"; };
		B13B8C07264CC00E00FC74F9 /* SearchRouter.swift */ = {isa = PBXFileReference; lastKnownFileType = sourcecode.swift; path = SearchRouter.swift; sourceTree = "<group>"; };
		B13B8C0B264CC08300FC74F9 /* SearchInteractor.swift */ = {isa = PBXFileReference; lastKnownFileType = sourcecode.swift; path = SearchInteractor.swift; sourceTree = "<group>"; };
		B13B8C0F264CC23000FC74F9 /* SearchPresenter.swift */ = {isa = PBXFileReference; lastKnownFileType = sourcecode.swift; path = SearchPresenter.swift; sourceTree = "<group>"; };
		B13B8C13264CC4EB00FC74F9 /* SearchViewController.swift */ = {isa = PBXFileReference; lastKnownFileType = sourcecode.swift; path = SearchViewController.swift; sourceTree = "<group>"; };
		B13B8C1B264CCD8E00FC74F9 /* SearchView.swift */ = {isa = PBXFileReference; lastKnownFileType = sourcecode.swift; path = SearchView.swift; sourceTree = "<group>"; };
		B13B8C21264CD59200FC74F9 /* SearchRemoteDataManager.swift */ = {isa = PBXFileReference; lastKnownFileType = sourcecode.swift; path = SearchRemoteDataManager.swift; sourceTree = "<group>"; };
		B13B8C27264CD5C200FC74F9 /* SearchLocalDataManager.swift */ = {isa = PBXFileReference; lastKnownFileType = sourcecode.swift; path = SearchLocalDataManager.swift; sourceTree = "<group>"; };
		B13B8C2B264CE18500FC74F9 /* ResultModel.swift */ = {isa = PBXFileReference; lastKnownFileType = sourcecode.swift; path = ResultModel.swift; sourceTree = "<group>"; };
		B13B8C31264CE1E500FC74F9 /* PagingModel.swift */ = {isa = PBXFileReference; lastKnownFileType = sourcecode.swift; path = PagingModel.swift; sourceTree = "<group>"; };
		B13B8C39264CE4A200FC74F9 /* ProductModel.swift */ = {isa = PBXFileReference; lastKnownFileType = sourcecode.swift; path = ProductModel.swift; sourceTree = "<group>"; };
		B13B8C4C264CF5B800FC74F9 /* MockSearchRemoteDataManager.swift */ = {isa = PBXFileReference; lastKnownFileType = sourcecode.swift; path = MockSearchRemoteDataManager.swift; sourceTree = "<group>"; };
		B13B8C52264D010900FC74F9 /* MockSearchInteractor.swift */ = {isa = PBXFileReference; lastKnownFileType = sourcecode.swift; path = MockSearchInteractor.swift; sourceTree = "<group>"; };
		B13B8C5C264D094B00FC74F9 /* SearchInteractorTest.swift */ = {isa = PBXFileReference; lastKnownFileType = sourcecode.swift; path = SearchInteractorTest.swift; sourceTree = "<group>"; };
		B13B8C60264D0C1F00FC74F9 /* MockSearchPresenter.swift */ = {isa = PBXFileReference; lastKnownFileType = sourcecode.swift; path = MockSearchPresenter.swift; sourceTree = "<group>"; };
		B13B8C64264DBADA00FC74F9 /* SearchService.swift */ = {isa = PBXFileReference; lastKnownFileType = sourcecode.swift; path = SearchService.swift; sourceTree = "<group>"; };
		B13B8C68264DBB2200FC74F9 /* NetworkConstants.swift */ = {isa = PBXFileReference; lastKnownFileType = sourcecode.swift; path = NetworkConstants.swift; sourceTree = "<group>"; };
		B13B8C70264E020700FC74F9 /* SearchPresenterTest.swift */ = {isa = PBXFileReference; lastKnownFileType = sourcecode.swift; path = SearchPresenterTest.swift; sourceTree = "<group>"; };
		B13B8C75264E02B700FC74F9 /* MockSearchView.swift */ = {isa = PBXFileReference; lastKnownFileType = sourcecode.swift; path = MockSearchView.swift; sourceTree = "<group>"; };
		B13B8C7B264E033500FC74F9 /* MockSearchRouter.swift */ = {isa = PBXFileReference; lastKnownFileType = sourcecode.swift; path = MockSearchRouter.swift; sourceTree = "<group>"; };
		B13B8C7F264E0A0E00FC74F9 /* SearchViewTest.swift */ = {isa = PBXFileReference; lastKnownFileType = sourcecode.swift; path = SearchViewTest.swift; sourceTree = "<group>"; };
		B1BBE48A264A569B00F43F5A /* MercadoLibreTest.app */ = {isa = PBXFileReference; explicitFileType = wrapper.application; includeInIndex = 0; path = MercadoLibreTest.app; sourceTree = BUILT_PRODUCTS_DIR; };
		B1BBE48D264A569B00F43F5A /* AppDelegate.swift */ = {isa = PBXFileReference; lastKnownFileType = sourcecode.swift; path = AppDelegate.swift; sourceTree = "<group>"; };
		B1BBE496264A569D00F43F5A /* Assets.xcassets */ = {isa = PBXFileReference; lastKnownFileType = folder.assetcatalog; path = Assets.xcassets; sourceTree = "<group>"; };
		B1BBE499264A569D00F43F5A /* Base */ = {isa = PBXFileReference; lastKnownFileType = file.storyboard; name = Base; path = Base.lproj/LaunchScreen.storyboard; sourceTree = "<group>"; };
		B1BBE49B264A569D00F43F5A /* Info.plist */ = {isa = PBXFileReference; lastKnownFileType = text.plist.xml; path = Info.plist; sourceTree = "<group>"; };
		B1BBE4A0264A569E00F43F5A /* MercadoLibreTestTests.xctest */ = {isa = PBXFileReference; explicitFileType = wrapper.cfbundle; includeInIndex = 0; path = MercadoLibreTestTests.xctest; sourceTree = BUILT_PRODUCTS_DIR; };
		B1BBE4A6264A569E00F43F5A /* Info.plist */ = {isa = PBXFileReference; lastKnownFileType = text.plist.xml; path = Info.plist; sourceTree = "<group>"; };
		B1BBE4AB264A569E00F43F5A /* MercadoLibreTestUITests.xctest */ = {isa = PBXFileReference; explicitFileType = wrapper.cfbundle; includeInIndex = 0; path = MercadoLibreTestUITests.xctest; sourceTree = BUILT_PRODUCTS_DIR; };
		B1BBE4AF264A569E00F43F5A /* MercadoLibreTestUITests.swift */ = {isa = PBXFileReference; lastKnownFileType = sourcecode.swift; path = MercadoLibreTestUITests.swift; sourceTree = "<group>"; };
		B1BBE4B1264A569E00F43F5A /* Info.plist */ = {isa = PBXFileReference; lastKnownFileType = text.plist.xml; path = Info.plist; sourceTree = "<group>"; };
		B1BBE4C5264A586B00F43F5A /* JSFSNetwork.framework */ = {isa = PBXFileReference; lastKnownFileType = wrapper.framework; name = JSFSNetwork.framework; path = Carthage/Build/iOS/JSFSNetwork.framework; sourceTree = "<group>"; };
		B1BBE4C6264A586B00F43F5A /* JSFSUIModule.framework */ = {isa = PBXFileReference; lastKnownFileType = wrapper.framework; name = JSFSUIModule.framework; path = Carthage/Build/iOS/JSFSUIModule.framework; sourceTree = "<group>"; };
/* End PBXFileReference section */

/* Begin PBXFrameworksBuildPhase section */
		B1BBE487264A569B00F43F5A /* Frameworks */ = {
			isa = PBXFrameworksBuildPhase;
			buildActionMask = 2147483647;
			files = (
				B1BBE4C9264A586B00F43F5A /* JSFSUIModule.framework in Frameworks */,
				B1BBE4C7264A586B00F43F5A /* JSFSNetwork.framework in Frameworks */,
			);
			runOnlyForDeploymentPostprocessing = 0;
		};
		B1BBE49D264A569E00F43F5A /* Frameworks */ = {
			isa = PBXFrameworksBuildPhase;
			buildActionMask = 2147483647;
			files = (
			);
			runOnlyForDeploymentPostprocessing = 0;
		};
		B1BBE4A8264A569E00F43F5A /* Frameworks */ = {
			isa = PBXFrameworksBuildPhase;
			buildActionMask = 2147483647;
			files = (
			);
			runOnlyForDeploymentPostprocessing = 0;
		};
/* End PBXFrameworksBuildPhase section */

/* Begin PBXGroup section */
		B13B8BEB264CB49B00FC74F9 /* App */ = {
			isa = PBXGroup;
			children = (
				B1BBE496264A569D00F43F5A /* Assets.xcassets */,
				B1BBE48D264A569B00F43F5A /* AppDelegate.swift */,
				B1BBE498264A569D00F43F5A /* LaunchScreen.storyboard */,
				B13B8C68264DBB2200FC74F9 /* NetworkConstants.swift */,
			);
			path = App;
			sourceTree = "<group>";
		};
		B13B8BEC264CB4BA00FC74F9 /* Modules */ = {
			isa = PBXGroup;
			children = (
				B13B8BED264CB4C400FC74F9 /* Search */,
				B13B8BEE264CB4CF00FC74F9 /* ItemDetail */,
			);
			path = Modules;
			sourceTree = "<group>";
		};
		B13B8BED264CB4C400FC74F9 /* Search */ = {
			isa = PBXGroup;
			children = (
				B13B8BF4264CB50400FC74F9 /* View */,
				B13B8BF2264CB4F400FC74F9 /* Presenter */,
				B13B8BF3264CB4FD00FC74F9 /* Interactor */,
				B13B8BF5264CB50A00FC74F9 /* DataManager */,
				B13B8BF1264CB4EF00FC74F9 /* Entity */,
				B13B8BF0264CB4E400FC74F9 /* Router */,
				B13B8BEF264CB4DC00FC74F9 /* Protocols */,
			);
			path = Search;
			sourceTree = "<group>";
		};
		B13B8BEE264CB4CF00FC74F9 /* ItemDetail */ = {
			isa = PBXGroup;
			children = (
			);
			path = ItemDetail;
			sourceTree = "<group>";
		};
		B13B8BEF264CB4DC00FC74F9 /* Protocols */ = {
			isa = PBXGroup;
			children = (
				B13B8BF6264CB53000FC74F9 /* SearchProtocols.swift */,
			);
			path = Protocols;
			sourceTree = "<group>";
		};
		B13B8BF0264CB4E400FC74F9 /* Router */ = {
			isa = PBXGroup;
			children = (
				B13B8C07264CC00E00FC74F9 /* SearchRouter.swift */,
			);
			path = Router;
			sourceTree = "<group>";
		};
		B13B8BF1264CB4EF00FC74F9 /* Entity */ = {
			isa = PBXGroup;
			children = (
				B13B8C2B264CE18500FC74F9 /* ResultModel.swift */,
				B13B8C31264CE1E500FC74F9 /* PagingModel.swift */,
				B13B8C39264CE4A200FC74F9 /* ProductModel.swift */,
			);
			path = Entity;
			sourceTree = "<group>";
		};
		B13B8BF2264CB4F400FC74F9 /* Presenter */ = {
			isa = PBXGroup;
			children = (
				B13B8C0F264CC23000FC74F9 /* SearchPresenter.swift */,
			);
			path = Presenter;
			sourceTree = "<group>";
		};
		B13B8BF3264CB4FD00FC74F9 /* Interactor */ = {
			isa = PBXGroup;
			children = (
				B13B8C0B264CC08300FC74F9 /* SearchInteractor.swift */,
			);
			path = Interactor;
			sourceTree = "<group>";
		};
		B13B8BF4264CB50400FC74F9 /* View */ = {
			isa = PBXGroup;
			children = (
				B13B8C13264CC4EB00FC74F9 /* SearchViewController.swift */,
				B13B8C1B264CCD8E00FC74F9 /* SearchView.swift */,
			);
			path = View;
			sourceTree = "<group>";
		};
		B13B8BF5264CB50A00FC74F9 /* DataManager */ = {
			isa = PBXGroup;
			children = (
				B13B8C20264CD57D00FC74F9 /* Local */,
				B13B8C1F264CD57700FC74F9 /* Remote */,
			);
			path = DataManager;
			sourceTree = "<group>";
		};
		B13B8BFA264CB53A00FC74F9 /* Modules */ = {
			isa = PBXGroup;
			children = (
				B13B8C40264CF3E600FC74F9 /* Search */,
			);
			path = Modules;
			sourceTree = "<group>";
		};
		B13B8BFB264CB54100FC74F9 /* DataManager */ = {
			isa = PBXGroup;
			children = (
				B13B8C45264CF4A100FC74F9 /* Remote */,
			);
			path = DataManager;
			sourceTree = "<group>";
		};
		B13B8BFC264CB54E00FC74F9 /* Interactor */ = {
			isa = PBXGroup;
			children = (
				B13B8C5C264D094B00FC74F9 /* SearchInteractorTest.swift */,
			);
			path = Interactor;
			sourceTree = "<group>";
		};
		B13B8BFD264CB55500FC74F9 /* Presenter */ = {
			isa = PBXGroup;
			children = (
				B13B8C70264E020700FC74F9 /* SearchPresenterTest.swift */,
			);
			path = Presenter;
			sourceTree = "<group>";
		};
		B13B8BFE264CB55A00FC74F9 /* View */ = {
			isa = PBXGroup;
			children = (
				B13B8C7F264E0A0E00FC74F9 /* SearchViewTest.swift */,
			);
			path = View;
			sourceTree = "<group>";
		};
		B13B8C1F264CD57700FC74F9 /* Remote */ = {
			isa = PBXGroup;
			children = (
				B13B8C21264CD59200FC74F9 /* SearchRemoteDataManager.swift */,
				B13B8C64264DBADA00FC74F9 /* SearchService.swift */,
			);
			path = Remote;
			sourceTree = "<group>";
		};
		B13B8C20264CD57D00FC74F9 /* Local */ = {
			isa = PBXGroup;
			children = (
				B13B8C27264CD5C200FC74F9 /* SearchLocalDataManager.swift */,
			);
			path = Local;
			sourceTree = "<group>";
		};
		B13B8C3D264CF36C00FC74F9 /* VIew */ = {
			isa = PBXGroup;
			children = (
				B13B8C75264E02B700FC74F9 /* MockSearchView.swift */,
			);
			path = VIew;
			sourceTree = "<group>";
		};
		B13B8C3E264CF3C300FC74F9 /* Tests */ = {
			isa = PBXGroup;
			children = (
				B13B8BFE264CB55A00FC74F9 /* View */,
				B13B8BFD264CB55500FC74F9 /* Presenter */,
				B13B8BFC264CB54E00FC74F9 /* Interactor */,
				B13B8BFB264CB54100FC74F9 /* DataManager */,
			);
			path = Tests;
			sourceTree = "<group>";
		};
		B13B8C3F264CF3C900FC74F9 /* Mocks */ = {
			isa = PBXGroup;
			children = (
				B13B8C3D264CF36C00FC74F9 /* VIew */,
				B13B8C41264CF44A00FC74F9 /* Presenter */,
				B13B8C74264E027600FC74F9 /* Router */,
				B13B8C42264CF45000FC74F9 /* Interactor */,
				B13B8C43264CF45400FC74F9 /* DataManager */,
			);
			path = Mocks;
			sourceTree = "<group>";
		};
		B13B8C40264CF3E600FC74F9 /* Search */ = {
			isa = PBXGroup;
			children = (
				B13B8C3E264CF3C300FC74F9 /* Tests */,
				B13B8C3F264CF3C900FC74F9 /* Mocks */,
			);
			path = Search;
			sourceTree = "<group>";
		};
		B13B8C41264CF44A00FC74F9 /* Presenter */ = {
			isa = PBXGroup;
			children = (
				B13B8C60264D0C1F00FC74F9 /* MockSearchPresenter.swift */,
			);
			path = Presenter;
			sourceTree = "<group>";
		};
		B13B8C42264CF45000FC74F9 /* Interactor */ = {
			isa = PBXGroup;
			children = (
				B13B8C52264D010900FC74F9 /* MockSearchInteractor.swift */,
			);
			path = Interactor;
			sourceTree = "<group>";
		};
		B13B8C43264CF45400FC74F9 /* DataManager */ = {
			isa = PBXGroup;
			children = (
				B13B8C44264CF49800FC74F9 /* Remote */,
			);
			path = DataManager;
			sourceTree = "<group>";
		};
		B13B8C44264CF49800FC74F9 /* Remote */ = {
			isa = PBXGroup;
			children = (
				B13B8C4C264CF5B800FC74F9 /* MockSearchRemoteDataManager.swift */,
			);
			path = Remote;
			sourceTree = "<group>";
		};
		B13B8C45264CF4A100FC74F9 /* Remote */ = {
			isa = PBXGroup;
			children = (
			);
			path = Remote;
			sourceTree = "<group>";
		};
		B13B8C74264E027600FC74F9 /* Router */ = {
			isa = PBXGroup;
			children = (
				B13B8C7B264E033500FC74F9 /* MockSearchRouter.swift */,
			);
			path = Router;
			sourceTree = "<group>";
		};
		B1BBE481264A569B00F43F5A = {
			isa = PBXGroup;
			children = (
				B1BBE48C264A569B00F43F5A /* MercadoLibreTest */,
				B1BBE4A3264A569E00F43F5A /* MercadoLibreTestTests */,
				B1BBE4AE264A569E00F43F5A /* MercadoLibreTestUITests */,
				B1BBE48B264A569B00F43F5A /* Products */,
				B1BBE4C4264A586A00F43F5A /* Frameworks */,
			);
			sourceTree = "<group>";
		};
		B1BBE48B264A569B00F43F5A /* Products */ = {
			isa = PBXGroup;
			children = (
				B1BBE48A264A569B00F43F5A /* MercadoLibreTest.app */,
				B1BBE4A0264A569E00F43F5A /* MercadoLibreTestTests.xctest */,
				B1BBE4AB264A569E00F43F5A /* MercadoLibreTestUITests.xctest */,
			);
			name = Products;
			sourceTree = "<group>";
		};
		B1BBE48C264A569B00F43F5A /* MercadoLibreTest */ = {
			isa = PBXGroup;
			children = (
				B1BBE49B264A569D00F43F5A /* Info.plist */,
				B13B8BEB264CB49B00FC74F9 /* App */,
				B13B8BEC264CB4BA00FC74F9 /* Modules */,
			);
			path = MercadoLibreTest;
			sourceTree = "<group>";
		};
		B1BBE4A3264A569E00F43F5A /* MercadoLibreTestTests */ = {
			isa = PBXGroup;
			children = (
				B13B8BFA264CB53A00FC74F9 /* Modules */,
				B1BBE4A6264A569E00F43F5A /* Info.plist */,
			);
			path = MercadoLibreTestTests;
			sourceTree = "<group>";
		};
		B1BBE4AE264A569E00F43F5A /* MercadoLibreTestUITests */ = {
			isa = PBXGroup;
			children = (
				B1BBE4AF264A569E00F43F5A /* MercadoLibreTestUITests.swift */,
				B1BBE4B1264A569E00F43F5A /* Info.plist */,
			);
			path = MercadoLibreTestUITests;
			sourceTree = "<group>";
		};
		B1BBE4C4264A586A00F43F5A /* Frameworks */ = {
			isa = PBXGroup;
			children = (
				B1BBE4C5264A586B00F43F5A /* JSFSNetwork.framework */,
				B1BBE4C6264A586B00F43F5A /* JSFSUIModule.framework */,
			);
			name = Frameworks;
			sourceTree = "<group>";
		};
/* End PBXGroup section */

/* Begin PBXNativeTarget section */
		B1BBE489264A569B00F43F5A /* MercadoLibreTest */ = {
			isa = PBXNativeTarget;
			buildConfigurationList = B1BBE4B4264A569E00F43F5A /* Build configuration list for PBXNativeTarget "MercadoLibreTest" */;
			buildPhases = (
				B1BBE486264A569B00F43F5A /* Sources */,
				B1BBE487264A569B00F43F5A /* Frameworks */,
				B1BBE488264A569B00F43F5A /* Resources */,
				B1BBE4C0264A56AB00F43F5A /* ShellScript */,
				B1BBE4CB264A586B00F43F5A /* Embed Frameworks */,
			);
			buildRules = (
			);
			dependencies = (
			);
			name = MercadoLibreTest;
			productName = MercadoLibreTest;
			productReference = B1BBE48A264A569B00F43F5A /* MercadoLibreTest.app */;
			productType = "com.apple.product-type.application";
		};
		B1BBE49F264A569E00F43F5A /* MercadoLibreTestTests */ = {
			isa = PBXNativeTarget;
			buildConfigurationList = B1BBE4B7264A569E00F43F5A /* Build configuration list for PBXNativeTarget "MercadoLibreTestTests" */;
			buildPhases = (
				B1BBE49C264A569E00F43F5A /* Sources */,
				B1BBE49D264A569E00F43F5A /* Frameworks */,
				B1BBE49E264A569E00F43F5A /* Resources */,
			);
			buildRules = (
			);
			dependencies = (
				B1BBE4A2264A569E00F43F5A /* PBXTargetDependency */,
			);
			name = MercadoLibreTestTests;
			productName = MercadoLibreTestTests;
			productReference = B1BBE4A0264A569E00F43F5A /* MercadoLibreTestTests.xctest */;
			productType = "com.apple.product-type.bundle.unit-test";
		};
		B1BBE4AA264A569E00F43F5A /* MercadoLibreTestUITests */ = {
			isa = PBXNativeTarget;
			buildConfigurationList = B1BBE4BA264A569E00F43F5A /* Build configuration list for PBXNativeTarget "MercadoLibreTestUITests" */;
			buildPhases = (
				B1BBE4A7264A569E00F43F5A /* Sources */,
				B1BBE4A8264A569E00F43F5A /* Frameworks */,
				B1BBE4A9264A569E00F43F5A /* Resources */,
			);
			buildRules = (
			);
			dependencies = (
				B1BBE4AD264A569E00F43F5A /* PBXTargetDependency */,
			);
			name = MercadoLibreTestUITests;
			productName = MercadoLibreTestUITests;
			productReference = B1BBE4AB264A569E00F43F5A /* MercadoLibreTestUITests.xctest */;
			productType = "com.apple.product-type.bundle.ui-testing";
		};
/* End PBXNativeTarget section */

/* Begin PBXProject section */
		B1BBE482264A569B00F43F5A /* Project object */ = {
			isa = PBXProject;
			attributes = {
				LastSwiftUpdateCheck = 1200;
				LastUpgradeCheck = 1200;
				TargetAttributes = {
					B1BBE489264A569B00F43F5A = {
						CreatedOnToolsVersion = 12.0;
					};
					B1BBE49F264A569E00F43F5A = {
						CreatedOnToolsVersion = 12.0;
						TestTargetID = B1BBE489264A569B00F43F5A;
					};
					B1BBE4AA264A569E00F43F5A = {
						CreatedOnToolsVersion = 12.0;
						TestTargetID = B1BBE489264A569B00F43F5A;
					};
				};
			};
			buildConfigurationList = B1BBE485264A569B00F43F5A /* Build configuration list for PBXProject "MercadoLibreTest" */;
			compatibilityVersion = "Xcode 9.3";
			developmentRegion = en;
			hasScannedForEncodings = 0;
			knownRegions = (
				en,
				Base,
			);
			mainGroup = B1BBE481264A569B00F43F5A;
			productRefGroup = B1BBE48B264A569B00F43F5A /* Products */;
			projectDirPath = "";
			projectRoot = "";
			targets = (
				B1BBE489264A569B00F43F5A /* MercadoLibreTest */,
				B1BBE49F264A569E00F43F5A /* MercadoLibreTestTests */,
				B1BBE4AA264A569E00F43F5A /* MercadoLibreTestUITests */,
			);
		};
/* End PBXProject section */

/* Begin PBXResourcesBuildPhase section */
		B1BBE488264A569B00F43F5A /* Resources */ = {
			isa = PBXResourcesBuildPhase;
			buildActionMask = 2147483647;
			files = (
				B1BBE49A264A569D00F43F5A /* LaunchScreen.storyboard in Resources */,
				B1BBE497264A569D00F43F5A /* Assets.xcassets in Resources */,
			);
			runOnlyForDeploymentPostprocessing = 0;
		};
		B1BBE49E264A569E00F43F5A /* Resources */ = {
			isa = PBXResourcesBuildPhase;
			buildActionMask = 2147483647;
			files = (
			);
			runOnlyForDeploymentPostprocessing = 0;
		};
		B1BBE4A9264A569E00F43F5A /* Resources */ = {
			isa = PBXResourcesBuildPhase;
			buildActionMask = 2147483647;
			files = (
			);
			runOnlyForDeploymentPostprocessing = 0;
		};
/* End PBXResourcesBuildPhase section */

/* Begin PBXShellScriptBuildPhase section */
		B1BBE4C0264A56AB00F43F5A /* ShellScript */ = {
			isa = PBXShellScriptBuildPhase;
			buildActionMask = 2147483647;
			files = (
			);
			inputFileListPaths = (
			);
			inputPaths = (
			);
			outputFileListPaths = (
			);
			outputPaths = (
			);
			runOnlyForDeploymentPostprocessing = 0;
			shellPath = /bin/sh;
			shellScript = "if which swiftlint >/dev/null; then\n  swiftlint\nelse\n  echo \"warning: SwiftLint not installed, download from https://github.com/realm/SwiftLint\"\nfi\n";
		};
/* End PBXShellScriptBuildPhase section */

/* Begin PBXSourcesBuildPhase section */
		B1BBE486264A569B00F43F5A /* Sources */ = {
			isa = PBXSourcesBuildPhase;
			buildActionMask = 2147483647;
			files = (
				B13B8C65264DBADA00FC74F9 /* SearchService.swift in Sources */,
				B13B8C08264CC00E00FC74F9 /* SearchRouter.swift in Sources */,
				B13B8C14264CC4EB00FC74F9 /* SearchViewController.swift in Sources */,
				B13B8C2C264CE18500FC74F9 /* ResultModel.swift in Sources */,
				B13B8C69264DBB2200FC74F9 /* NetworkConstants.swift in Sources */,
				B13B8C32264CE1E500FC74F9 /* PagingModel.swift in Sources */,
				B13B8C10264CC23000FC74F9 /* SearchPresenter.swift in Sources */,
				B13B8C22264CD59200FC74F9 /* SearchRemoteDataManager.swift in Sources */,
				B13B8C1C264CCD8E00FC74F9 /* SearchView.swift in Sources */,
				B13B8C3A264CE4A200FC74F9 /* ProductModel.swift in Sources */,
				B13B8C28264CD5C200FC74F9 /* SearchLocalDataManager.swift in Sources */,
				B1BBE48E264A569B00F43F5A /* AppDelegate.swift in Sources */,
				B13B8BF7264CB53000FC74F9 /* SearchProtocols.swift in Sources */,
				B13B8C0C264CC08300FC74F9 /* SearchInteractor.swift in Sources */,
			);
			runOnlyForDeploymentPostprocessing = 0;
		};
		B1BBE49C264A569E00F43F5A /* Sources */ = {
			isa = PBXSourcesBuildPhase;
			buildActionMask = 2147483647;
			files = (
				B13B8C80264E0A0E00FC74F9 /* SearchViewTest.swift in Sources */,
				B13B8C61264D0C1F00FC74F9 /* MockSearchPresenter.swift in Sources */,
				B13B8C53264D010900FC74F9 /* MockSearchInteractor.swift in Sources */,
				B13B8C71264E020700FC74F9 /* SearchPresenterTest.swift in Sources */,
				B13B8C5D264D094B00FC74F9 /* SearchInteractorTest.swift in Sources */,
				B13B8C76264E02B700FC74F9 /* MockSearchView.swift in Sources */,
				B13B8C7C264E033500FC74F9 /* MockSearchRouter.swift in Sources */,
				B13B8C4D264CF5B800FC74F9 /* MockSearchRemoteDataManager.swift in Sources */,
			);
			runOnlyForDeploymentPostprocessing = 0;
		};
		B1BBE4A7264A569E00F43F5A /* Sources */ = {
			isa = PBXSourcesBuildPhase;
			buildActionMask = 2147483647;
			files = (
				B1BBE4B0264A569E00F43F5A /* MercadoLibreTestUITests.swift in Sources */,
			);
			runOnlyForDeploymentPostprocessing = 0;
		};
/* End PBXSourcesBuildPhase section */

/* Begin PBXTargetDependency section */
		B1BBE4A2264A569E00F43F5A /* PBXTargetDependency */ = {
			isa = PBXTargetDependency;
			target = B1BBE489264A569B00F43F5A /* MercadoLibreTest */;
			targetProxy = B1BBE4A1264A569E00F43F5A /* PBXContainerItemProxy */;
		};
		B1BBE4AD264A569E00F43F5A /* PBXTargetDependency */ = {
			isa = PBXTargetDependency;
			target = B1BBE489264A569B00F43F5A /* MercadoLibreTest */;
			targetProxy = B1BBE4AC264A569E00F43F5A /* PBXContainerItemProxy */;
		};
/* End PBXTargetDependency section */

/* Begin PBXVariantGroup section */
		B1BBE498264A569D00F43F5A /* LaunchScreen.storyboard */ = {
			isa = PBXVariantGroup;
			children = (
				B1BBE499264A569D00F43F5A /* Base */,
			);
			name = LaunchScreen.storyboard;
			sourceTree = "<group>";
		};
/* End PBXVariantGroup section */

/* Begin XCBuildConfiguration section */
		B1BBE4B2264A569E00F43F5A /* Debug */ = {
			isa = XCBuildConfiguration;
			buildSettings = {
				ALWAYS_SEARCH_USER_PATHS = NO;
				CLANG_ANALYZER_NONNULL = YES;
				CLANG_ANALYZER_NUMBER_OBJECT_CONVERSION = YES_AGGRESSIVE;
				CLANG_CXX_LANGUAGE_STANDARD = "gnu++14";
				CLANG_CXX_LIBRARY = "libc++";
				CLANG_ENABLE_MODULES = YES;
				CLANG_ENABLE_OBJC_ARC = YES;
				CLANG_ENABLE_OBJC_WEAK = YES;
				CLANG_WARN_BLOCK_CAPTURE_AUTORELEASING = YES;
				CLANG_WARN_BOOL_CONVERSION = YES;
				CLANG_WARN_COMMA = YES;
				CLANG_WARN_CONSTANT_CONVERSION = YES;
				CLANG_WARN_DEPRECATED_OBJC_IMPLEMENTATIONS = YES;
				CLANG_WARN_DIRECT_OBJC_ISA_USAGE = YES_ERROR;
				CLANG_WARN_DOCUMENTATION_COMMENTS = YES;
				CLANG_WARN_EMPTY_BODY = YES;
				CLANG_WARN_ENUM_CONVERSION = YES;
				CLANG_WARN_INFINITE_RECURSION = YES;
				CLANG_WARN_INT_CONVERSION = YES;
				CLANG_WARN_NON_LITERAL_NULL_CONVERSION = YES;
				CLANG_WARN_OBJC_IMPLICIT_RETAIN_SELF = YES;
				CLANG_WARN_OBJC_LITERAL_CONVERSION = YES;
				CLANG_WARN_OBJC_ROOT_CLASS = YES_ERROR;
				CLANG_WARN_QUOTED_INCLUDE_IN_FRAMEWORK_HEADER = YES;
				CLANG_WARN_RANGE_LOOP_ANALYSIS = YES;
				CLANG_WARN_STRICT_PROTOTYPES = YES;
				CLANG_WARN_SUSPICIOUS_MOVE = YES;
				CLANG_WARN_UNGUARDED_AVAILABILITY = YES_AGGRESSIVE;
				CLANG_WARN_UNREACHABLE_CODE = YES;
				CLANG_WARN__DUPLICATE_METHOD_MATCH = YES;
				COPY_PHASE_STRIP = NO;
				DEBUG_INFORMATION_FORMAT = dwarf;
				ENABLE_STRICT_OBJC_MSGSEND = YES;
				ENABLE_TESTABILITY = YES;
				GCC_C_LANGUAGE_STANDARD = gnu11;
				GCC_DYNAMIC_NO_PIC = NO;
				GCC_NO_COMMON_BLOCKS = YES;
				GCC_OPTIMIZATION_LEVEL = 0;
				GCC_PREPROCESSOR_DEFINITIONS = (
					"DEBUG=1",
					"$(inherited)",
				);
				GCC_WARN_64_TO_32_BIT_CONVERSION = YES;
				GCC_WARN_ABOUT_RETURN_TYPE = YES_ERROR;
				GCC_WARN_UNDECLARED_SELECTOR = YES;
				GCC_WARN_UNINITIALIZED_AUTOS = YES_AGGRESSIVE;
				GCC_WARN_UNUSED_FUNCTION = YES;
				GCC_WARN_UNUSED_VARIABLE = YES;
				IPHONEOS_DEPLOYMENT_TARGET = 14.0;
				MTL_ENABLE_DEBUG_INFO = INCLUDE_SOURCE;
				MTL_FAST_MATH = YES;
				ONLY_ACTIVE_ARCH = YES;
				SDKROOT = iphoneos;
				SWIFT_ACTIVE_COMPILATION_CONDITIONS = DEBUG;
				SWIFT_OPTIMIZATION_LEVEL = "-Onone";
			};
			name = Debug;
		};
		B1BBE4B3264A569E00F43F5A /* Release */ = {
			isa = XCBuildConfiguration;
			buildSettings = {
				ALWAYS_SEARCH_USER_PATHS = NO;
				CLANG_ANALYZER_NONNULL = YES;
				CLANG_ANALYZER_NUMBER_OBJECT_CONVERSION = YES_AGGRESSIVE;
				CLANG_CXX_LANGUAGE_STANDARD = "gnu++14";
				CLANG_CXX_LIBRARY = "libc++";
				CLANG_ENABLE_MODULES = YES;
				CLANG_ENABLE_OBJC_ARC = YES;
				CLANG_ENABLE_OBJC_WEAK = YES;
				CLANG_WARN_BLOCK_CAPTURE_AUTORELEASING = YES;
				CLANG_WARN_BOOL_CONVERSION = YES;
				CLANG_WARN_COMMA = YES;
				CLANG_WARN_CONSTANT_CONVERSION = YES;
				CLANG_WARN_DEPRECATED_OBJC_IMPLEMENTATIONS = YES;
				CLANG_WARN_DIRECT_OBJC_ISA_USAGE = YES_ERROR;
				CLANG_WARN_DOCUMENTATION_COMMENTS = YES;
				CLANG_WARN_EMPTY_BODY = YES;
				CLANG_WARN_ENUM_CONVERSION = YES;
				CLANG_WARN_INFINITE_RECURSION = YES;
				CLANG_WARN_INT_CONVERSION = YES;
				CLANG_WARN_NON_LITERAL_NULL_CONVERSION = YES;
				CLANG_WARN_OBJC_IMPLICIT_RETAIN_SELF = YES;
				CLANG_WARN_OBJC_LITERAL_CONVERSION = YES;
				CLANG_WARN_OBJC_ROOT_CLASS = YES_ERROR;
				CLANG_WARN_QUOTED_INCLUDE_IN_FRAMEWORK_HEADER = YES;
				CLANG_WARN_RANGE_LOOP_ANALYSIS = YES;
				CLANG_WARN_STRICT_PROTOTYPES = YES;
				CLANG_WARN_SUSPICIOUS_MOVE = YES;
				CLANG_WARN_UNGUARDED_AVAILABILITY = YES_AGGRESSIVE;
				CLANG_WARN_UNREACHABLE_CODE = YES;
				CLANG_WARN__DUPLICATE_METHOD_MATCH = YES;
				COPY_PHASE_STRIP = NO;
				DEBUG_INFORMATION_FORMAT = "dwarf-with-dsym";
				ENABLE_NS_ASSERTIONS = NO;
				ENABLE_STRICT_OBJC_MSGSEND = YES;
				GCC_C_LANGUAGE_STANDARD = gnu11;
				GCC_NO_COMMON_BLOCKS = YES;
				GCC_WARN_64_TO_32_BIT_CONVERSION = YES;
				GCC_WARN_ABOUT_RETURN_TYPE = YES_ERROR;
				GCC_WARN_UNDECLARED_SELECTOR = YES;
				GCC_WARN_UNINITIALIZED_AUTOS = YES_AGGRESSIVE;
				GCC_WARN_UNUSED_FUNCTION = YES;
				GCC_WARN_UNUSED_VARIABLE = YES;
				IPHONEOS_DEPLOYMENT_TARGET = 14.0;
				MTL_ENABLE_DEBUG_INFO = NO;
				MTL_FAST_MATH = YES;
				SDKROOT = iphoneos;
				SWIFT_COMPILATION_MODE = wholemodule;
				SWIFT_OPTIMIZATION_LEVEL = "-O";
				VALIDATE_PRODUCT = YES;
			};
			name = Release;
		};
		B1BBE4B5264A569E00F43F5A /* Debug */ = {
			isa = XCBuildConfiguration;
			buildSettings = {
				ASSETCATALOG_COMPILER_APPICON_NAME = AppIcon;
				ASSETCATALOG_COMPILER_GLOBAL_ACCENT_COLOR_NAME = AccentColor;
				CODE_SIGN_STYLE = Automatic;
				DEVELOPMENT_TEAM = N9E796HZ3C;
				FRAMEWORK_SEARCH_PATHS = (
					"$(inherited)",
					"$(PROJECT_DIR)/Carthage/Build/iOS",
				);
				INFOPLIST_FILE = MercadoLibreTest/Info.plist;
				LD_RUNPATH_SEARCH_PATHS = (
					"$(inherited)",
					"@executable_path/Frameworks",
				);
				PRODUCT_BUNDLE_IDENTIFIER = juanflorezpersonal.MercadoLibreTest;
				PRODUCT_NAME = "$(TARGET_NAME)";
				SWIFT_VERSION = 5.0;
				TARGETED_DEVICE_FAMILY = "1,2";
			};
			name = Debug;
		};
		B1BBE4B6264A569E00F43F5A /* Release */ = {
			isa = XCBuildConfiguration;
			buildSettings = {
				ASSETCATALOG_COMPILER_APPICON_NAME = AppIcon;
				ASSETCATALOG_COMPILER_GLOBAL_ACCENT_COLOR_NAME = AccentColor;
				CODE_SIGN_STYLE = Automatic;
				DEVELOPMENT_TEAM = N9E796HZ3C;
				FRAMEWORK_SEARCH_PATHS = (
					"$(inherited)",
					"$(PROJECT_DIR)/Carthage/Build/iOS",
				);
				INFOPLIST_FILE = MercadoLibreTest/Info.plist;
				LD_RUNPATH_SEARCH_PATHS = (
					"$(inherited)",
					"@executable_path/Frameworks",
				);
				PRODUCT_BUNDLE_IDENTIFIER = juanflorezpersonal.MercadoLibreTest;
				PRODUCT_NAME = "$(TARGET_NAME)";
				SWIFT_VERSION = 5.0;
				TARGETED_DEVICE_FAMILY = "1,2";
			};
			name = Release;
		};
		B1BBE4B8264A569E00F43F5A /* Debug */ = {
			isa = XCBuildConfiguration;
			buildSettings = {
				ALWAYS_EMBED_SWIFT_STANDARD_LIBRARIES = YES;
				BUNDLE_LOADER = "$(TEST_HOST)";
				CODE_SIGN_STYLE = Automatic;
				DEVELOPMENT_TEAM = N9E796HZ3C;
				FRAMEWORK_SEARCH_PATHS = "$(PROJECT_DIR)/Carthage/Build/iOS";
				INFOPLIST_FILE = MercadoLibreTestTests/Info.plist;
				IPHONEOS_DEPLOYMENT_TARGET = 14.0;
				LD_RUNPATH_SEARCH_PATHS = (
					"$(inherited)",
					"@executable_path/Frameworks",
					"@loader_path/Frameworks",
				);
				PRODUCT_BUNDLE_IDENTIFIER = juanflorezpersonal.MercadoLibreTestTests;
				PRODUCT_NAME = "$(TARGET_NAME)";
				SWIFT_VERSION = 5.0;
				TARGETED_DEVICE_FAMILY = "1,2";
				TEST_HOST = "$(BUILT_PRODUCTS_DIR)/MercadoLibreTest.app/MercadoLibreTest";
			};
			name = Debug;
		};
		B1BBE4B9264A569E00F43F5A /* Release */ = {
			isa = XCBuildConfiguration;
			buildSettings = {
				ALWAYS_EMBED_SWIFT_STANDARD_LIBRARIES = YES;
				BUNDLE_LOADER = "$(TEST_HOST)";
				CODE_SIGN_STYLE = Automatic;
				DEVELOPMENT_TEAM = N9E796HZ3C;
				INFOPLIST_FILE = MercadoLibreTestTests/Info.plist;
				IPHONEOS_DEPLOYMENT_TARGET = 14.0;
				LD_RUNPATH_SEARCH_PATHS = (
					"$(inherited)",
					"@executable_path/Frameworks",
					"@loader_path/Frameworks",
				);
				PRODUCT_BUNDLE_IDENTIFIER = juanflorezpersonal.MercadoLibreTestTests;
				PRODUCT_NAME = "$(TARGET_NAME)";
				SWIFT_VERSION = 5.0;
				TARGETED_DEVICE_FAMILY = "1,2";
				TEST_HOST = "$(BUILT_PRODUCTS_DIR)/MercadoLibreTest.app/MercadoLibreTest";
			};
			name = Release;
		};
		B1BBE4BB264A569E00F43F5A /* Debug */ = {
			isa = XCBuildConfiguration;
			buildSettings = {
				ALWAYS_EMBED_SWIFT_STANDARD_LIBRARIES = YES;
				CODE_SIGN_STYLE = Automatic;
				DEVELOPMENT_TEAM = N9E796HZ3C;
				INFOPLIST_FILE = MercadoLibreTestUITests/Info.plist;
				LD_RUNPATH_SEARCH_PATHS = (
					"$(inherited)",
					"@executable_path/Frameworks",
					"@loader_path/Frameworks",
				);
				PRODUCT_BUNDLE_IDENTIFIER = juanflorezpersonal.MercadoLibreTestUITests;
				PRODUCT_NAME = "$(TARGET_NAME)";
				SWIFT_VERSION = 5.0;
				TARGETED_DEVICE_FAMILY = "1,2";
				TEST_TARGET_NAME = MercadoLibreTest;
			};
			name = Debug;
		};
		B1BBE4BC264A569E00F43F5A /* Release */ = {
			isa = XCBuildConfiguration;
			buildSettings = {
				ALWAYS_EMBED_SWIFT_STANDARD_LIBRARIES = YES;
				CODE_SIGN_STYLE = Automatic;
				DEVELOPMENT_TEAM = N9E796HZ3C;
				INFOPLIST_FILE = MercadoLibreTestUITests/Info.plist;
				LD_RUNPATH_SEARCH_PATHS = (
					"$(inherited)",
					"@executable_path/Frameworks",
					"@loader_path/Frameworks",
				);
				PRODUCT_BUNDLE_IDENTIFIER = juanflorezpersonal.MercadoLibreTestUITests;
				PRODUCT_NAME = "$(TARGET_NAME)";
				SWIFT_VERSION = 5.0;
				TARGETED_DEVICE_FAMILY = "1,2";
				TEST_TARGET_NAME = MercadoLibreTest;
			};
			name = Release;
		};
/* End XCBuildConfiguration section */

/* Begin XCConfigurationList section */
		B1BBE485264A569B00F43F5A /* Build configuration list for PBXProject "MercadoLibreTest" */ = {
			isa = XCConfigurationList;
			buildConfigurations = (
				B1BBE4B2264A569E00F43F5A /* Debug */,
				B1BBE4B3264A569E00F43F5A /* Release */,
			);
			defaultConfigurationIsVisible = 0;
			defaultConfigurationName = Release;
		};
		B1BBE4B4264A569E00F43F5A /* Build configuration list for PBXNativeTarget "MercadoLibreTest" */ = {
			isa = XCConfigurationList;
			buildConfigurations = (
				B1BBE4B5264A569E00F43F5A /* Debug */,
				B1BBE4B6264A569E00F43F5A /* Release */,
			);
			defaultConfigurationIsVisible = 0;
			defaultConfigurationName = Release;
		};
		B1BBE4B7264A569E00F43F5A /* Build configuration list for PBXNativeTarget "MercadoLibreTestTests" */ = {
			isa = XCConfigurationList;
			buildConfigurations = (
				B1BBE4B8264A569E00F43F5A /* Debug */,
				B1BBE4B9264A569E00F43F5A /* Release */,
			);
			defaultConfigurationIsVisible = 0;
			defaultConfigurationName = Release;
		};
		B1BBE4BA264A569E00F43F5A /* Build configuration list for PBXNativeTarget "MercadoLibreTestUITests" */ = {
			isa = XCConfigurationList;
			buildConfigurations = (
				B1BBE4BB264A569E00F43F5A /* Debug */,
				B1BBE4BC264A569E00F43F5A /* Release */,
			);
			defaultConfigurationIsVisible = 0;
			defaultConfigurationName = Release;
		};
/* End XCConfigurationList section */
	};
	rootObject = B1BBE482264A569B00F43F5A /* Project object */;
}
